// !$*UTF8*$!
{
	archiveVersion = 1;
	classes = {
	};
	objectVersion = 56;
	objects = {

/* Begin PBXBuildFile section */
		093F6F712C6C30A300CA7006 /* apple_foundation_program_3thApp.swift in Sources */ = {isa = PBXBuildFile; fileRef = 093F6F702C6C30A300CA7006 /* apple_foundation_program_3thApp.swift */; };
		093F6F732C6C30A300CA7006 /* ContentView.swift in Sources */ = {isa = PBXBuildFile; fileRef = 093F6F722C6C30A300CA7006 /* ContentView.swift */; };
		093F6F752C6C30A400CA7006 /* Assets.xcassets in Resources */ = {isa = PBXBuildFile; fileRef = 093F6F742C6C30A400CA7006 /* Assets.xcassets */; };
		093F6F782C6C30A400CA7006 /* Preview Assets.xcassets in Resources */ = {isa = PBXBuildFile; fileRef = 093F6F772C6C30A400CA7006 /* Preview Assets.xcassets */; };
		093F6F822C6C30A400CA7006 /* apple_foundation_program_3thTests.swift in Sources */ = {isa = PBXBuildFile; fileRef = 093F6F812C6C30A400CA7006 /* apple_foundation_program_3thTests.swift */; };
		093F6F8C2C6C30A400CA7006 /* apple_foundation_program_3thUITests.swift in Sources */ = {isa = PBXBuildFile; fileRef = 093F6F8B2C6C30A400CA7006 /* apple_foundation_program_3thUITests.swift */; };
		093F6F8E2C6C30A400CA7006 /* apple_foundation_program_3thUITestsLaunchTests.swift in Sources */ = {isa = PBXBuildFile; fileRef = 093F6F8D2C6C30A400CA7006 /* apple_foundation_program_3thUITestsLaunchTests.swift */; };
		093F6FA22C6C39BA00CA7006 /* TaskTimerView.swift in Sources */ = {isa = PBXBuildFile; fileRef = 093F6FA12C6C39BA00CA7006 /* TaskTimerView.swift */; };
		093F6FA42C6C3C2F00CA7006 /* BackButtonView.swift in Sources */ = {isa = PBXBuildFile; fileRef = 093F6FA32C6C3C2F00CA7006 /* BackButtonView.swift */; };
		093F6FA62C6C4C9D00CA7006 /* StopButtonView.swift in Sources */ = {isa = PBXBuildFile; fileRef = 093F6FA52C6C4C9D00CA7006 /* StopButtonView.swift */; };
		7A664C972C6C35E500FE03D6 /* HomeView.swift in Sources */ = {isa = PBXBuildFile; fileRef = 7A664C962C6C35E500FE03D6 /* HomeView.swift */; };
		7A664C992C6C35FD00FE03D6 /* HomeButtonView.swift in Sources */ = {isa = PBXBuildFile; fileRef = 7A664C982C6C35FD00FE03D6 /* HomeButtonView.swift */; };
		7A664C9B2C6C361100FE03D6 /* AppleBoardView.swift in Sources */ = {isa = PBXBuildFile; fileRef = 7A664C9A2C6C361100FE03D6 /* AppleBoardView.swift */; };
		7A664C9D2C6C363E00FE03D6 /* BomodrowTimerView.swift in Sources */ = {isa = PBXBuildFile; fileRef = 7A664C9C2C6C363E00FE03D6 /* BomodrowTimerView.swift */; };
		7A664C9F2C6C368800FE03D6 /* ToDoListView.swift in Sources */ = {isa = PBXBuildFile; fileRef = 7A664C9E2C6C368800FE03D6 /* ToDoListView.swift */; };
		7A664CAA2C6C6A0A00FE03D6 /* TimerViewModel.swift in Sources */ = {isa = PBXBuildFile; fileRef = 7A664CA92C6C6A0A00FE03D6 /* TimerViewModel.swift */; };
		7A664CAD2C6C6A4C00FE03D6 /* TimePickerView.swift in Sources */ = {isa = PBXBuildFile; fileRef = 7A664CAC2C6C6A4C00FE03D6 /* TimePickerView.swift */; };
		7A664CAF2C6C6A7500FE03D6 /* TimerView.swift in Sources */ = {isa = PBXBuildFile; fileRef = 7A664CAE2C6C6A7500FE03D6 /* TimerView.swift */; };
		7A664CB12C6C6A9100FE03D6 /* MainTimerView.swift in Sources */ = {isa = PBXBuildFile; fileRef = 7A664CB02C6C6A9100FE03D6 /* MainTimerView.swift */; };
		879D94782C6C61A3003624AA /* OnboardView.swift in Sources */ = {isa = PBXBuildFile; fileRef = 879D94772C6C61A3003624AA /* OnboardView.swift */; };
/* End PBXBuildFile section */

/* Begin PBXContainerItemProxy section */
		093F6F7E2C6C30A400CA7006 /* PBXContainerItemProxy */ = {
			isa = PBXContainerItemProxy;
			containerPortal = 093F6F652C6C30A300CA7006 /* Project object */;
			proxyType = 1;
			remoteGlobalIDString = 093F6F6C2C6C30A300CA7006;
			remoteInfo = "apple-foundation-program-3th";
		};
		093F6F882C6C30A400CA7006 /* PBXContainerItemProxy */ = {
			isa = PBXContainerItemProxy;
			containerPortal = 093F6F652C6C30A300CA7006 /* Project object */;
			proxyType = 1;
			remoteGlobalIDString = 093F6F6C2C6C30A300CA7006;
			remoteInfo = "apple-foundation-program-3th";
		};
/* End PBXContainerItemProxy section */

/* Begin PBXFileReference section */
		093F6F6D2C6C30A300CA7006 /* apple-foundation-program-3th.app */ = {isa = PBXFileReference; explicitFileType = wrapper.application; includeInIndex = 0; path = "apple-foundation-program-3th.app"; sourceTree = BUILT_PRODUCTS_DIR; };
		093F6F702C6C30A300CA7006 /* apple_foundation_program_3thApp.swift */ = {isa = PBXFileReference; lastKnownFileType = sourcecode.swift; path = apple_foundation_program_3thApp.swift; sourceTree = "<group>"; };
		093F6F722C6C30A300CA7006 /* ContentView.swift */ = {isa = PBXFileReference; lastKnownFileType = sourcecode.swift; path = ContentView.swift; sourceTree = "<group>"; };
		093F6F742C6C30A400CA7006 /* Assets.xcassets */ = {isa = PBXFileReference; lastKnownFileType = folder.assetcatalog; path = Assets.xcassets; sourceTree = "<group>"; };
		093F6F772C6C30A400CA7006 /* Preview Assets.xcassets */ = {isa = PBXFileReference; lastKnownFileType = folder.assetcatalog; path = "Preview Assets.xcassets"; sourceTree = "<group>"; };
		093F6F7D2C6C30A400CA7006 /* apple-foundation-program-3thTests.xctest */ = {isa = PBXFileReference; explicitFileType = wrapper.cfbundle; includeInIndex = 0; path = "apple-foundation-program-3thTests.xctest"; sourceTree = BUILT_PRODUCTS_DIR; };
		093F6F812C6C30A400CA7006 /* apple_foundation_program_3thTests.swift */ = {isa = PBXFileReference; lastKnownFileType = sourcecode.swift; path = apple_foundation_program_3thTests.swift; sourceTree = "<group>"; };
		093F6F872C6C30A400CA7006 /* apple-foundation-program-3thUITests.xctest */ = {isa = PBXFileReference; explicitFileType = wrapper.cfbundle; includeInIndex = 0; path = "apple-foundation-program-3thUITests.xctest"; sourceTree = BUILT_PRODUCTS_DIR; };
		093F6F8B2C6C30A400CA7006 /* apple_foundation_program_3thUITests.swift */ = {isa = PBXFileReference; lastKnownFileType = sourcecode.swift; path = apple_foundation_program_3thUITests.swift; sourceTree = "<group>"; };
		093F6F8D2C6C30A400CA7006 /* apple_foundation_program_3thUITestsLaunchTests.swift */ = {isa = PBXFileReference; lastKnownFileType = sourcecode.swift; path = apple_foundation_program_3thUITestsLaunchTests.swift; sourceTree = "<group>"; };
		093F6FA12C6C39BA00CA7006 /* TaskTimerView.swift */ = {isa = PBXFileReference; lastKnownFileType = sourcecode.swift; path = TaskTimerView.swift; sourceTree = "<group>"; };
		093F6FA32C6C3C2F00CA7006 /* BackButtonView.swift */ = {isa = PBXFileReference; lastKnownFileType = sourcecode.swift; path = BackButtonView.swift; sourceTree = "<group>"; };
		093F6FA52C6C4C9D00CA7006 /* StopButtonView.swift */ = {isa = PBXFileReference; lastKnownFileType = sourcecode.swift; path = StopButtonView.swift; sourceTree = "<group>"; };
		7A664C962C6C35E500FE03D6 /* HomeView.swift */ = {isa = PBXFileReference; lastKnownFileType = sourcecode.swift; path = HomeView.swift; sourceTree = "<group>"; };
		7A664C982C6C35FD00FE03D6 /* HomeButtonView.swift */ = {isa = PBXFileReference; lastKnownFileType = sourcecode.swift; path = HomeButtonView.swift; sourceTree = "<group>"; };
		7A664C9A2C6C361100FE03D6 /* AppleBoardView.swift */ = {isa = PBXFileReference; lastKnownFileType = sourcecode.swift; path = AppleBoardView.swift; sourceTree = "<group>"; };
		7A664C9C2C6C363E00FE03D6 /* BomodrowTimerView.swift */ = {isa = PBXFileReference; lastKnownFileType = sourcecode.swift; path = BomodrowTimerView.swift; sourceTree = "<group>"; };
		7A664C9E2C6C368800FE03D6 /* ToDoListView.swift */ = {isa = PBXFileReference; lastKnownFileType = sourcecode.swift; path = ToDoListView.swift; sourceTree = "<group>"; };
		7A664CA92C6C6A0A00FE03D6 /* TimerViewModel.swift */ = {isa = PBXFileReference; lastKnownFileType = sourcecode.swift; path = TimerViewModel.swift; sourceTree = "<group>"; };
		7A664CAC2C6C6A4C00FE03D6 /* TimePickerView.swift */ = {isa = PBXFileReference; lastKnownFileType = sourcecode.swift; path = TimePickerView.swift; sourceTree = "<group>"; };
		7A664CAE2C6C6A7500FE03D6 /* TimerView.swift */ = {isa = PBXFileReference; lastKnownFileType = sourcecode.swift; path = TimerView.swift; sourceTree = "<group>"; };
		7A664CB02C6C6A9100FE03D6 /* MainTimerView.swift */ = {isa = PBXFileReference; lastKnownFileType = sourcecode.swift; path = MainTimerView.swift; sourceTree = "<group>"; };
		879D94772C6C61A3003624AA /* OnboardView.swift */ = {isa = PBXFileReference; lastKnownFileType = sourcecode.swift; path = OnboardView.swift; sourceTree = "<group>"; };
/* End PBXFileReference section */

/* Begin PBXFrameworksBuildPhase section */
		093F6F6A2C6C30A300CA7006 /* Frameworks */ = {
			isa = PBXFrameworksBuildPhase;
			buildActionMask = 2147483647;
			files = (
			);
			runOnlyForDeploymentPostprocessing = 0;
		};
		093F6F7A2C6C30A400CA7006 /* Frameworks */ = {
			isa = PBXFrameworksBuildPhase;
			buildActionMask = 2147483647;
			files = (
			);
			runOnlyForDeploymentPostprocessing = 0;
		};
		093F6F842C6C30A400CA7006 /* Frameworks */ = {
			isa = PBXFrameworksBuildPhase;
			buildActionMask = 2147483647;
			files = (
			);
			runOnlyForDeploymentPostprocessing = 0;
		};
/* End PBXFrameworksBuildPhase section */

/* Begin PBXGroup section */
		093F6F642C6C30A300CA7006 = {
			isa = PBXGroup;
			children = (
				093F6F6F2C6C30A300CA7006 /* apple-foundation-program-3th */,
				093F6F802C6C30A400CA7006 /* apple-foundation-program-3thTests */,
				093F6F8A2C6C30A400CA7006 /* apple-foundation-program-3thUITests */,
				093F6F6E2C6C30A300CA7006 /* Products */,
			);
			sourceTree = "<group>";
		};
		093F6F6E2C6C30A300CA7006 /* Products */ = {
			isa = PBXGroup;
			children = (
				093F6F6D2C6C30A300CA7006 /* apple-foundation-program-3th.app */,
				093F6F7D2C6C30A400CA7006 /* apple-foundation-program-3thTests.xctest */,
				093F6F872C6C30A400CA7006 /* apple-foundation-program-3thUITests.xctest */,
			);
			name = Products;
			sourceTree = "<group>";
		};
		093F6F6F2C6C30A300CA7006 /* apple-foundation-program-3th */ = {
			isa = PBXGroup;
			children = (
				7A664CA82C6C69F200FE03D6 /* VIewModel */,
				093F6F9B2C6C30DE00CA7006 /* View */,
				093F6F702C6C30A300CA7006 /* apple_foundation_program_3thApp.swift */,
				093F6F722C6C30A300CA7006 /* ContentView.swift */,
				093F6F742C6C30A400CA7006 /* Assets.xcassets */,
				093F6F762C6C30A400CA7006 /* Preview Content */,
			);
			path = "apple-foundation-program-3th";
			sourceTree = "<group>";
		};
		093F6F762C6C30A400CA7006 /* Preview Content */ = {
			isa = PBXGroup;
			children = (
				093F6F772C6C30A400CA7006 /* Preview Assets.xcassets */,
			);
			path = "Preview Content";
			sourceTree = "<group>";
		};
		093F6F802C6C30A400CA7006 /* apple-foundation-program-3thTests */ = {
			isa = PBXGroup;
			children = (
				093F6F812C6C30A400CA7006 /* apple_foundation_program_3thTests.swift */,
			);
			path = "apple-foundation-program-3thTests";
			sourceTree = "<group>";
		};
		093F6F8A2C6C30A400CA7006 /* apple-foundation-program-3thUITests */ = {
			isa = PBXGroup;
			children = (
				093F6F8B2C6C30A400CA7006 /* apple_foundation_program_3thUITests.swift */,
				093F6F8D2C6C30A400CA7006 /* apple_foundation_program_3thUITestsLaunchTests.swift */,
			);
			path = "apple-foundation-program-3thUITests";
			sourceTree = "<group>";
		};
		093F6F9B2C6C30DE00CA7006 /* View */ = {
			isa = PBXGroup;
			children = (
				7A664CAB2C6C6A3400FE03D6 /* TimePicker */,
				879D94762C6C6186003624AA /* Onboard */,
				093F6FA02C6C399100CA7006 /* Timer */,
				7A664C952C6C35DB00FE03D6 /* Home */,
				7A664C9C2C6C363E00FE03D6 /* BomodrowTimerView.swift */,
				7A664C9E2C6C368800FE03D6 /* ToDoListView.swift */,
			);
			path = View;
			sourceTree = "<group>";
		};
		093F6FA02C6C399100CA7006 /* Timer */ = {
			isa = PBXGroup;
			children = (
				093F6FA12C6C39BA00CA7006 /* TaskTimerView.swift */,
				093F6FA32C6C3C2F00CA7006 /* BackButtonView.swift */,
				093F6FA52C6C4C9D00CA7006 /* StopButtonView.swift */,
			);
			path = Timer;
			sourceTree = "<group>";
		};
		7A664C952C6C35DB00FE03D6 /* Home */ = {
			isa = PBXGroup;
			children = (
				7A664C962C6C35E500FE03D6 /* HomeView.swift */,
				7A664C982C6C35FD00FE03D6 /* HomeButtonView.swift */,
				7A664C9A2C6C361100FE03D6 /* AppleBoardView.swift */,
			);
			path = Home;
			sourceTree = "<group>";
		};
		7A664CA82C6C69F200FE03D6 /* VIewModel */ = {
			isa = PBXGroup;
			children = (
				7A664CA92C6C6A0A00FE03D6 /* TimerViewModel.swift */,
			);
			name = VIewModel;
			path = View/VIewModel;
			sourceTree = "<group>";
		};
		7A664CAB2C6C6A3400FE03D6 /* TimePicker */ = {
			isa = PBXGroup;
			children = (
				7A664CAC2C6C6A4C00FE03D6 /* TimePickerView.swift */,
				7A664CAE2C6C6A7500FE03D6 /* TimerView.swift */,
				7A664CB02C6C6A9100FE03D6 /* MainTimerView.swift */,
			);
			path = TimePicker;
			sourceTree = "<group>";
		};
		879D94762C6C6186003624AA /* Onboard */ = {
			isa = PBXGroup;
			children = (
				879D94772C6C61A3003624AA /* OnboardView.swift */,
			);
			path = Onboard;
			sourceTree = "<group>";
		};
/* End PBXGroup section */

/* Begin PBXNativeTarget section */
		093F6F6C2C6C30A300CA7006 /* apple-foundation-program-3th */ = {
			isa = PBXNativeTarget;
			buildConfigurationList = 093F6F912C6C30A400CA7006 /* Build configuration list for PBXNativeTarget "apple-foundation-program-3th" */;
			buildPhases = (
				093F6F692C6C30A300CA7006 /* Sources */,
				093F6F6A2C6C30A300CA7006 /* Frameworks */,
				093F6F6B2C6C30A300CA7006 /* Resources */,
			);
			buildRules = (
			);
			dependencies = (
			);
			name = "apple-foundation-program-3th";
			productName = "apple-foundation-program-3th";
			productReference = 093F6F6D2C6C30A300CA7006 /* apple-foundation-program-3th.app */;
			productType = "com.apple.product-type.application";
		};
		093F6F7C2C6C30A400CA7006 /* apple-foundation-program-3thTests */ = {
			isa = PBXNativeTarget;
			buildConfigurationList = 093F6F942C6C30A400CA7006 /* Build configuration list for PBXNativeTarget "apple-foundation-program-3thTests" */;
			buildPhases = (
				093F6F792C6C30A400CA7006 /* Sources */,
				093F6F7A2C6C30A400CA7006 /* Frameworks */,
				093F6F7B2C6C30A400CA7006 /* Resources */,
			);
			buildRules = (
			);
			dependencies = (
				093F6F7F2C6C30A400CA7006 /* PBXTargetDependency */,
			);
			name = "apple-foundation-program-3thTests";
			productName = "apple-foundation-program-3thTests";
			productReference = 093F6F7D2C6C30A400CA7006 /* apple-foundation-program-3thTests.xctest */;
			productType = "com.apple.product-type.bundle.unit-test";
		};
		093F6F862C6C30A400CA7006 /* apple-foundation-program-3thUITests */ = {
			isa = PBXNativeTarget;
			buildConfigurationList = 093F6F972C6C30A400CA7006 /* Build configuration list for PBXNativeTarget "apple-foundation-program-3thUITests" */;
			buildPhases = (
				093F6F832C6C30A400CA7006 /* Sources */,
				093F6F842C6C30A400CA7006 /* Frameworks */,
				093F6F852C6C30A400CA7006 /* Resources */,
			);
			buildRules = (
			);
			dependencies = (
				093F6F892C6C30A400CA7006 /* PBXTargetDependency */,
			);
			name = "apple-foundation-program-3thUITests";
			productName = "apple-foundation-program-3thUITests";
			productReference = 093F6F872C6C30A400CA7006 /* apple-foundation-program-3thUITests.xctest */;
			productType = "com.apple.product-type.bundle.ui-testing";
		};
/* End PBXNativeTarget section */

/* Begin PBXProject section */
		093F6F652C6C30A300CA7006 /* Project object */ = {
			isa = PBXProject;
			attributes = {
				BuildIndependentTargetsInParallel = 1;
				LastSwiftUpdateCheck = 1540;
				LastUpgradeCheck = 1540;
				TargetAttributes = {
					093F6F6C2C6C30A300CA7006 = {
						CreatedOnToolsVersion = 15.4;
					};
					093F6F7C2C6C30A400CA7006 = {
						CreatedOnToolsVersion = 15.4;
						TestTargetID = 093F6F6C2C6C30A300CA7006;
					};
					093F6F862C6C30A400CA7006 = {
						CreatedOnToolsVersion = 15.4;
						TestTargetID = 093F6F6C2C6C30A300CA7006;
					};
				};
			};
			buildConfigurationList = 093F6F682C6C30A300CA7006 /* Build configuration list for PBXProject "apple-foundation-program-3th" */;
			compatibilityVersion = "Xcode 14.0";
			developmentRegion = en;
			hasScannedForEncodings = 0;
			knownRegions = (
				en,
				Base,
			);
			mainGroup = 093F6F642C6C30A300CA7006;
			productRefGroup = 093F6F6E2C6C30A300CA7006 /* Products */;
			projectDirPath = "";
			projectRoot = "";
			targets = (
				093F6F6C2C6C30A300CA7006 /* apple-foundation-program-3th */,
				093F6F7C2C6C30A400CA7006 /* apple-foundation-program-3thTests */,
				093F6F862C6C30A400CA7006 /* apple-foundation-program-3thUITests */,
			);
		};
/* End PBXProject section */

/* Begin PBXResourcesBuildPhase section */
		093F6F6B2C6C30A300CA7006 /* Resources */ = {
			isa = PBXResourcesBuildPhase;
			buildActionMask = 2147483647;
			files = (
				093F6F782C6C30A400CA7006 /* Preview Assets.xcassets in Resources */,
				093F6F752C6C30A400CA7006 /* Assets.xcassets in Resources */,
			);
			runOnlyForDeploymentPostprocessing = 0;
		};
		093F6F7B2C6C30A400CA7006 /* Resources */ = {
			isa = PBXResourcesBuildPhase;
			buildActionMask = 2147483647;
			files = (
			);
			runOnlyForDeploymentPostprocessing = 0;
		};
		093F6F852C6C30A400CA7006 /* Resources */ = {
			isa = PBXResourcesBuildPhase;
			buildActionMask = 2147483647;
			files = (
			);
			runOnlyForDeploymentPostprocessing = 0;
		};
/* End PBXResourcesBuildPhase section */

/* Begin PBXSourcesBuildPhase section */
		093F6F692C6C30A300CA7006 /* Sources */ = {
			isa = PBXSourcesBuildPhase;
			buildActionMask = 2147483647;
			files = (
				7A664CAF2C6C6A7500FE03D6 /* TimerView.swift in Sources */,
				093F6F732C6C30A300CA7006 /* ContentView.swift in Sources */,
				093F6FA42C6C3C2F00CA7006 /* BackButtonView.swift in Sources */,
				7A664C992C6C35FD00FE03D6 /* HomeButtonView.swift in Sources */,
				7A664C9B2C6C361100FE03D6 /* AppleBoardView.swift in Sources */,
				7A664CAA2C6C6A0A00FE03D6 /* TimerViewModel.swift in Sources */,
				7A664C9F2C6C368800FE03D6 /* ToDoListView.swift in Sources */,
				093F6F712C6C30A300CA7006 /* apple_foundation_program_3thApp.swift in Sources */,
				7A664CB12C6C6A9100FE03D6 /* MainTimerView.swift in Sources */,
				7A664C972C6C35E500FE03D6 /* HomeView.swift in Sources */,
				7A664CAD2C6C6A4C00FE03D6 /* TimePickerView.swift in Sources */,
				093F6FA22C6C39BA00CA7006 /* TaskTimerView.swift in Sources */,
				093F6FA62C6C4C9D00CA7006 /* StopButtonView.swift in Sources */,
				879D94782C6C61A3003624AA /* OnboardView.swift in Sources */,
				7A664C9D2C6C363E00FE03D6 /* BomodrowTimerView.swift in Sources */,
			);
			runOnlyForDeploymentPostprocessing = 0;
		};
		093F6F792C6C30A400CA7006 /* Sources */ = {
			isa = PBXSourcesBuildPhase;
			buildActionMask = 2147483647;
			files = (
				093F6F822C6C30A400CA7006 /* apple_foundation_program_3thTests.swift in Sources */,
			);
			runOnlyForDeploymentPostprocessing = 0;
		};
		093F6F832C6C30A400CA7006 /* Sources */ = {
			isa = PBXSourcesBuildPhase;
			buildActionMask = 2147483647;
			files = (
				093F6F8C2C6C30A400CA7006 /* apple_foundation_program_3thUITests.swift in Sources */,
				093F6F8E2C6C30A400CA7006 /* apple_foundation_program_3thUITestsLaunchTests.swift in Sources */,
			);
			runOnlyForDeploymentPostprocessing = 0;
		};
/* End PBXSourcesBuildPhase section */

/* Begin PBXTargetDependency section */
		093F6F7F2C6C30A400CA7006 /* PBXTargetDependency */ = {
			isa = PBXTargetDependency;
			target = 093F6F6C2C6C30A300CA7006 /* apple-foundation-program-3th */;
			targetProxy = 093F6F7E2C6C30A400CA7006 /* PBXContainerItemProxy */;
		};
		093F6F892C6C30A400CA7006 /* PBXTargetDependency */ = {
			isa = PBXTargetDependency;
			target = 093F6F6C2C6C30A300CA7006 /* apple-foundation-program-3th */;
			targetProxy = 093F6F882C6C30A400CA7006 /* PBXContainerItemProxy */;
		};
/* End PBXTargetDependency section */

/* Begin XCBuildConfiguration section */
		093F6F8F2C6C30A400CA7006 /* Debug */ = {
			isa = XCBuildConfiguration;
			buildSettings = {
				ALWAYS_SEARCH_USER_PATHS = NO;
				ASSETCATALOG_COMPILER_GENERATE_SWIFT_ASSET_SYMBOL_EXTENSIONS = YES;
				CLANG_ANALYZER_NONNULL = YES;
				CLANG_ANALYZER_NUMBER_OBJECT_CONVERSION = YES_AGGRESSIVE;
				CLANG_CXX_LANGUAGE_STANDARD = "gnu++20";
				CLANG_ENABLE_MODULES = YES;
				CLANG_ENABLE_OBJC_ARC = YES;
				CLANG_ENABLE_OBJC_WEAK = YES;
				CLANG_WARN_BLOCK_CAPTURE_AUTORELEASING = YES;
				CLANG_WARN_BOOL_CONVERSION = YES;
				CLANG_WARN_COMMA = YES;
				CLANG_WARN_CONSTANT_CONVERSION = YES;
				CLANG_WARN_DEPRECATED_OBJC_IMPLEMENTATIONS = YES;
				CLANG_WARN_DIRECT_OBJC_ISA_USAGE = YES_ERROR;
				CLANG_WARN_DOCUMENTATION_COMMENTS = YES;
				CLANG_WARN_EMPTY_BODY = YES;
				CLANG_WARN_ENUM_CONVERSION = YES;
				CLANG_WARN_INFINITE_RECURSION = YES;
				CLANG_WARN_INT_CONVERSION = YES;
				CLANG_WARN_NON_LITERAL_NULL_CONVERSION = YES;
				CLANG_WARN_OBJC_IMPLICIT_RETAIN_SELF = YES;
				CLANG_WARN_OBJC_LITERAL_CONVERSION = YES;
				CLANG_WARN_OBJC_ROOT_CLASS = YES_ERROR;
				CLANG_WARN_QUOTED_INCLUDE_IN_FRAMEWORK_HEADER = YES;
				CLANG_WARN_RANGE_LOOP_ANALYSIS = YES;
				CLANG_WARN_STRICT_PROTOTYPES = YES;
				CLANG_WARN_SUSPICIOUS_MOVE = YES;
				CLANG_WARN_UNGUARDED_AVAILABILITY = YES_AGGRESSIVE;
				CLANG_WARN_UNREACHABLE_CODE = YES;
				CLANG_WARN__DUPLICATE_METHOD_MATCH = YES;
				COPY_PHASE_STRIP = NO;
				DEBUG_INFORMATION_FORMAT = dwarf;
				ENABLE_STRICT_OBJC_MSGSEND = YES;
				ENABLE_TESTABILITY = YES;
				ENABLE_USER_SCRIPT_SANDBOXING = YES;
				GCC_C_LANGUAGE_STANDARD = gnu17;
				GCC_DYNAMIC_NO_PIC = NO;
				GCC_NO_COMMON_BLOCKS = YES;
				GCC_OPTIMIZATION_LEVEL = 0;
				GCC_PREPROCESSOR_DEFINITIONS = (
					"DEBUG=1",
					"$(inherited)",
				);
				GCC_WARN_64_TO_32_BIT_CONVERSION = YES;
				GCC_WARN_ABOUT_RETURN_TYPE = YES_ERROR;
				GCC_WARN_UNDECLARED_SELECTOR = YES;
				GCC_WARN_UNINITIALIZED_AUTOS = YES_AGGRESSIVE;
				GCC_WARN_UNUSED_FUNCTION = YES;
				GCC_WARN_UNUSED_VARIABLE = YES;
				IPHONEOS_DEPLOYMENT_TARGET = 17.5;
				LOCALIZATION_PREFERS_STRING_CATALOGS = YES;
				MTL_ENABLE_DEBUG_INFO = INCLUDE_SOURCE;
				MTL_FAST_MATH = YES;
				ONLY_ACTIVE_ARCH = YES;
				SDKROOT = iphoneos;
				SWIFT_ACTIVE_COMPILATION_CONDITIONS = "DEBUG $(inherited)";
				SWIFT_OPTIMIZATION_LEVEL = "-Onone";
			};
			name = Debug;
		};
		093F6F902C6C30A400CA7006 /* Release */ = {
			isa = XCBuildConfiguration;
			buildSettings = {
				ALWAYS_SEARCH_USER_PATHS = NO;
				ASSETCATALOG_COMPILER_GENERATE_SWIFT_ASSET_SYMBOL_EXTENSIONS = YES;
				CLANG_ANALYZER_NONNULL = YES;
				CLANG_ANALYZER_NUMBER_OBJECT_CONVERSION = YES_AGGRESSIVE;
				CLANG_CXX_LANGUAGE_STANDARD = "gnu++20";
				CLANG_ENABLE_MODULES = YES;
				CLANG_ENABLE_OBJC_ARC = YES;
				CLANG_ENABLE_OBJC_WEAK = YES;
				CLANG_WARN_BLOCK_CAPTURE_AUTORELEASING = YES;
				CLANG_WARN_BOOL_CONVERSION = YES;
				CLANG_WARN_COMMA = YES;
				CLANG_WARN_CONSTANT_CONVERSION = YES;
				CLANG_WARN_DEPRECATED_OBJC_IMPLEMENTATIONS = YES;
				CLANG_WARN_DIRECT_OBJC_ISA_USAGE = YES_ERROR;
				CLANG_WARN_DOCUMENTATION_COMMENTS = YES;
				CLANG_WARN_EMPTY_BODY = YES;
				CLANG_WARN_ENUM_CONVERSION = YES;
				CLANG_WARN_INFINITE_RECURSION = YES;
				CLANG_WARN_INT_CONVERSION = YES;
				CLANG_WARN_NON_LITERAL_NULL_CONVERSION = YES;
				CLANG_WARN_OBJC_IMPLICIT_RETAIN_SELF = YES;
				CLANG_WARN_OBJC_LITERAL_CONVERSION = YES;
				CLANG_WARN_OBJC_ROOT_CLASS = YES_ERROR;
				CLANG_WARN_QUOTED_INCLUDE_IN_FRAMEWORK_HEADER = YES;
				CLANG_WARN_RANGE_LOOP_ANALYSIS = YES;
				CLANG_WARN_STRICT_PROTOTYPES = YES;
				CLANG_WARN_SUSPICIOUS_MOVE = YES;
				CLANG_WARN_UNGUARDED_AVAILABILITY = YES_AGGRESSIVE;
				CLANG_WARN_UNREACHABLE_CODE = YES;
				CLANG_WARN__DUPLICATE_METHOD_MATCH = YES;
				COPY_PHASE_STRIP = NO;
				DEBUG_INFORMATION_FORMAT = "dwarf-with-dsym";
				ENABLE_NS_ASSERTIONS = NO;
				ENABLE_STRICT_OBJC_MSGSEND = YES;
				ENABLE_USER_SCRIPT_SANDBOXING = YES;
				GCC_C_LANGUAGE_STANDARD = gnu17;
				GCC_NO_COMMON_BLOCKS = YES;
				GCC_WARN_64_TO_32_BIT_CONVERSION = YES;
				GCC_WARN_ABOUT_RETURN_TYPE = YES_ERROR;
				GCC_WARN_UNDECLARED_SELECTOR = YES;
				GCC_WARN_UNINITIALIZED_AUTOS = YES_AGGRESSIVE;
				GCC_WARN_UNUSED_FUNCTION = YES;
				GCC_WARN_UNUSED_VARIABLE = YES;
				IPHONEOS_DEPLOYMENT_TARGET = 17.5;
				LOCALIZATION_PREFERS_STRING_CATALOGS = YES;
				MTL_ENABLE_DEBUG_INFO = NO;
				MTL_FAST_MATH = YES;
				SDKROOT = iphoneos;
				SWIFT_COMPILATION_MODE = wholemodule;
				VALIDATE_PRODUCT = YES;
			};
			name = Release;
		};
		093F6F922C6C30A400CA7006 /* Debug */ = {
			isa = XCBuildConfiguration;
			buildSettings = {
				ASSETCATALOG_COMPILER_APPICON_NAME = AppIcon;
				ASSETCATALOG_COMPILER_GLOBAL_ACCENT_COLOR_NAME = AccentColor;
				CODE_SIGN_STYLE = Automatic;
				CURRENT_PROJECT_VERSION = 1;
				DEVELOPMENT_ASSET_PATHS = "\"apple-foundation-program-3th/Preview Content\"";
				ENABLE_PREVIEWS = YES;
				GENERATE_INFOPLIST_FILE = YES;
				INFOPLIST_KEY_UIApplicationSceneManifest_Generation = YES;
				INFOPLIST_KEY_UIApplicationSupportsIndirectInputEvents = YES;
				INFOPLIST_KEY_UILaunchScreen_Generation = YES;
				INFOPLIST_KEY_UISupportedInterfaceOrientations_iPad = "UIInterfaceOrientationPortrait UIInterfaceOrientationPortraitUpsideDown UIInterfaceOrientationLandscapeLeft UIInterfaceOrientationLandscapeRight";
				INFOPLIST_KEY_UISupportedInterfaceOrientations_iPhone = "UIInterfaceOrientationPortrait UIInterfaceOrientationLandscapeLeft UIInterfaceOrientationLandscapeRight";
				LD_RUNPATH_SEARCH_PATHS = (
					"$(inherited)",
					"@executable_path/Frameworks",
				);
				MARKETING_VERSION = 1.0;
				PRODUCT_BUNDLE_IDENTIFIER = "com.team1.apple-foundation-program-3th";
				PRODUCT_NAME = "$(TARGET_NAME)";
				SWIFT_EMIT_LOC_STRINGS = YES;
				SWIFT_VERSION = 5.0;
				TARGETED_DEVICE_FAMILY = "1,2";
			};
			name = Debug;
		};
		093F6F932C6C30A400CA7006 /* Release */ = {
			isa = XCBuildConfiguration;
			buildSettings = {
				ASSETCATALOG_COMPILER_APPICON_NAME = AppIcon;
				ASSETCATALOG_COMPILER_GLOBAL_ACCENT_COLOR_NAME = AccentColor;
				CODE_SIGN_STYLE = Automatic;
				CURRENT_PROJECT_VERSION = 1;
				DEVELOPMENT_ASSET_PATHS = "\"apple-foundation-program-3th/Preview Content\"";
				ENABLE_PREVIEWS = YES;
				GENERATE_INFOPLIST_FILE = YES;
				INFOPLIST_KEY_UIApplicationSceneManifest_Generation = YES;
				INFOPLIST_KEY_UIApplicationSupportsIndirectInputEvents = YES;
				INFOPLIST_KEY_UILaunchScreen_Generation = YES;
				INFOPLIST_KEY_UISupportedInterfaceOrientations_iPad = "UIInterfaceOrientationPortrait UIInterfaceOrientationPortraitUpsideDown UIInterfaceOrientationLandscapeLeft UIInterfaceOrientationLandscapeRight";
				INFOPLIST_KEY_UISupportedInterfaceOrientations_iPhone = "UIInterfaceOrientationPortrait UIInterfaceOrientationLandscapeLeft UIInterfaceOrientationLandscapeRight";
				LD_RUNPATH_SEARCH_PATHS = (
					"$(inherited)",
					"@executable_path/Frameworks",
				);
				MARKETING_VERSION = 1.0;
				PRODUCT_BUNDLE_IDENTIFIER = "com.team1.apple-foundation-program-3th";
				PRODUCT_NAME = "$(TARGET_NAME)";
				SWIFT_EMIT_LOC_STRINGS = YES;
				SWIFT_VERSION = 5.0;
				TARGETED_DEVICE_FAMILY = "1,2";
			};
			name = Release;
		};
		093F6F952C6C30A400CA7006 /* Debug */ = {
			isa = XCBuildConfiguration;
			buildSettings = {
				ALWAYS_EMBED_SWIFT_STANDARD_LIBRARIES = YES;
				BUNDLE_LOADER = "$(TEST_HOST)";
				CODE_SIGN_STYLE = Automatic;
				CURRENT_PROJECT_VERSION = 1;
				GENERATE_INFOPLIST_FILE = YES;
				IPHONEOS_DEPLOYMENT_TARGET = 17.5;
				MARKETING_VERSION = 1.0;
				PRODUCT_BUNDLE_IDENTIFIER = "com.team1.apple-foundation-program-3thTests";
				PRODUCT_NAME = "$(TARGET_NAME)";
				SWIFT_EMIT_LOC_STRINGS = NO;
				SWIFT_VERSION = 5.0;
				TARGETED_DEVICE_FAMILY = "1,2";
				TEST_HOST = "$(BUILT_PRODUCTS_DIR)/apple-foundation-program-3th.app/$(BUNDLE_EXECUTABLE_FOLDER_PATH)/apple-foundation-program-3th";
			};
			name = Debug;
		};
		093F6F962C6C30A400CA7006 /* Release */ = {
			isa = XCBuildConfiguration;
			buildSettings = {
				ALWAYS_EMBED_SWIFT_STANDARD_LIBRARIES = YES;
				BUNDLE_LOADER = "$(TEST_HOST)";
				CODE_SIGN_STYLE = Automatic;
				CURRENT_PROJECT_VERSION = 1;
				GENERATE_INFOPLIST_FILE = YES;
				IPHONEOS_DEPLOYMENT_TARGET = 17.5;
				MARKETING_VERSION = 1.0;
				PRODUCT_BUNDLE_IDENTIFIER = "com.team1.apple-foundation-program-3thTests";
				PRODUCT_NAME = "$(TARGET_NAME)";
				SWIFT_EMIT_LOC_STRINGS = NO;
				SWIFT_VERSION = 5.0;
				TARGETED_DEVICE_FAMILY = "1,2";
				TEST_HOST = "$(BUILT_PRODUCTS_DIR)/apple-foundation-program-3th.app/$(BUNDLE_EXECUTABLE_FOLDER_PATH)/apple-foundation-program-3th";
			};
			name = Release;
		};
		093F6F982C6C30A400CA7006 /* Debug */ = {
			isa = XCBuildConfiguration;
			buildSettings = {
				ALWAYS_EMBED_SWIFT_STANDARD_LIBRARIES = YES;
				CODE_SIGN_STYLE = Automatic;
				CURRENT_PROJECT_VERSION = 1;
				GENERATE_INFOPLIST_FILE = YES;
				MARKETING_VERSION = 1.0;
				PRODUCT_BUNDLE_IDENTIFIER = "com.team1.apple-foundation-program-3thUITests";
				PRODUCT_NAME = "$(TARGET_NAME)";
				SWIFT_EMIT_LOC_STRINGS = NO;
				SWIFT_VERSION = 5.0;
				TARGETED_DEVICE_FAMILY = "1,2";
				TEST_TARGET_NAME = "apple-foundation-program-3th";
			};
			name = Debug;
		};
		093F6F992C6C30A400CA7006 /* Release */ = {
			isa = XCBuildConfiguration;
			buildSettings = {
				ALWAYS_EMBED_SWIFT_STANDARD_LIBRARIES = YES;
				CODE_SIGN_STYLE = Automatic;
				CURRENT_PROJECT_VERSION = 1;
				GENERATE_INFOPLIST_FILE = YES;
				MARKETING_VERSION = 1.0;
				PRODUCT_BUNDLE_IDENTIFIER = "com.team1.apple-foundation-program-3thUITests";
				PRODUCT_NAME = "$(TARGET_NAME)";
				SWIFT_EMIT_LOC_STRINGS = NO;
				SWIFT_VERSION = 5.0;
				TARGETED_DEVICE_FAMILY = "1,2";
				TEST_TARGET_NAME = "apple-foundation-program-3th";
			};
			name = Release;
		};
/* End XCBuildConfiguration section */

/* Begin XCConfigurationList section */
		093F6F682C6C30A300CA7006 /* Build configuration list for PBXProject "apple-foundation-program-3th" */ = {
			isa = XCConfigurationList;
			buildConfigurations = (
				093F6F8F2C6C30A400CA7006 /* Debug */,
				093F6F902C6C30A400CA7006 /* Release */,
			);
			defaultConfigurationIsVisible = 0;
			defaultConfigurationName = Release;
		};
		093F6F912C6C30A400CA7006 /* Build configuration list for PBXNativeTarget "apple-foundation-program-3th" */ = {
			isa = XCConfigurationList;
			buildConfigurations = (
				093F6F922C6C30A400CA7006 /* Debug */,
				093F6F932C6C30A400CA7006 /* Release */,
			);
			defaultConfigurationIsVisible = 0;
			defaultConfigurationName = Release;
		};
		093F6F942C6C30A400CA7006 /* Build configuration list for PBXNativeTarget "apple-foundation-program-3thTests" */ = {
			isa = XCConfigurationList;
			buildConfigurations = (
				093F6F952C6C30A400CA7006 /* Debug */,
				093F6F962C6C30A400CA7006 /* Release */,
			);
			defaultConfigurationIsVisible = 0;
			defaultConfigurationName = Release;
		};
		093F6F972C6C30A400CA7006 /* Build configuration list for PBXNativeTarget "apple-foundation-program-3thUITests" */ = {
			isa = XCConfigurationList;
			buildConfigurations = (
				093F6F982C6C30A400CA7006 /* Debug */,
				093F6F992C6C30A400CA7006 /* Release */,
			);
			defaultConfigurationIsVisible = 0;
			defaultConfigurationName = Release;
		};
/* End XCConfigurationList section */
	};
	rootObject = 093F6F652C6C30A300CA7006 /* Project object */;
}
